
Microsoft Visual Studio Solution File, Format Version 12.00
# Visual Studio Version 16
VisualStudioVersion = 16.0.30523.141
MinimumVisualStudioVersion = 10.0.40219.1
Project("{8BC9CEB8-8B4A-11D0-8D11-00A0C91BC942}") = "LB7.1", "LB7.1.vcxproj", "{60BEFD59-9DAC-4A6F-851F-E7B7FEBC205D}"
EndProject
Project("{8BC9CEB8-8B4A-11D0-8D11-00A0C91BC942}") = "UnitTest7.1", "UnitTest7.1\UnitTest7.1.vcxproj", "{178033A5-A72A-4E83-BEDF-FBCCB3B5EDE3}"
EndProject
Global
	GlobalSection(SolutionConfigurationPlatforms) = preSolution
		Debug|x64 = Debug|x64
		Debug|x86 = Debug|x86
		Release|x64 = Release|x64
		Release|x86 = Release|x86
	EndGlobalSection
	GlobalSection(ProjectConfigurationPlatforms) = postSolution
		{60BEFD59-9DAC-4A6F-851F-E7B7FEBC205D}.Debug|x64.ActiveCfg = Debug|x64
		{60BEFD59-9DAC-4A6F-851F-E7B7FEBC205D}.Debug|x64.Build.0 = Debug|x64
		{60BEFD59-9DAC-4A6F-851F-E7B7FEBC205D}.Debug|x86.ActiveCfg = Debug|Win32
		{60BEFD59-9DAC-4A6F-851F-E7B7FEBC205D}.Debug|x86.Build.0 = Debug|Win32
		{60BEFD59-9DAC-4A6F-851F-E7B7FEBC205D}.Release|x64.ActiveCfg = Release|x64
		{60BEFD59-9DAC-4A6F-851F-E7B7FEBC205D}.Release|x64.Build.0 = Release|x64
		{60BEFD59-9DAC-4A6F-851F-E7B7FEBC205D}.Release|x86.ActiveCfg = Release|Win32
		{60BEFD59-9DAC-4A6F-851F-E7B7FEBC205D}.Release|x86.Build.0 = Release|Win32
		{178033A5-A72A-4E83-BEDF-FBCCB3B5EDE3}.Debug|x64.ActiveCfg = Debug|x64
		{178033A5-A72A-4E83-BEDF-FBCCB3B5EDE3}.Debug|x64.Build.0 = Debug|x64
		{178033A5-A72A-4E83-BEDF-FBCCB3B5EDE3}.Debug|x86.ActiveCfg = Debug|Win32
		{178033A5-A72A-4E83-BEDF-FBCCB3B5EDE3}.Debug|x86.Build.0 = Debug|Win32
		{178033A5-A72A-4E83-BEDF-FBCCB3B5EDE3}.Release|x64.ActiveCfg = Release|x64
		{178033A5-A72A-4E83-BEDF-FBCCB3B5EDE3}.Release|x64.Build.0 = Release|x64
		{178033A5-A72A-4E83-BEDF-FBCCB3B5EDE3}.Release|x86.ActiveCfg = Release|Win32
		{178033A5-A72A-4E83-BEDF-FBCCB3B5EDE3}.Release|x86.Build.0 = Release|Win32
	EndGlobalSection
	GlobalSection(SolutionProperties) = preSolution
		HideSolutionNode = FALSE
	EndGlobalSection
	GlobalSection(ExtensibilityGlobals) = postSolution
		SolutionGuid = {D97365E4-7F62-489E-824C-907CF1E48C65}
	EndGlobalSection
EndGlobal
